// !$*UTF8*$!
{
	archiveVersion = 1;
	classes = {
	};
	objectVersion = 50;
	objects = {

/* Begin PBXBuildFile section */
		E9879DBC246BC80600DB4941 /* IMG_8501.JPG in Resources */ = {isa = PBXBuildFile; fileRef = E9879DBB246BC80600DB4941 /* IMG_8501.JPG */; };
		E9D78D9A24668406008C9AC2 /* AppDelegate.swift in Sources */ = {isa = PBXBuildFile; fileRef = E9D78D9924668406008C9AC2 /* AppDelegate.swift */; };
		E9D78D9C24668406008C9AC2 /* SceneDelegate.swift in Sources */ = {isa = PBXBuildFile; fileRef = E9D78D9B24668406008C9AC2 /* SceneDelegate.swift */; };
		E9D78D9E24668406008C9AC2 /* ViewController.swift in Sources */ = {isa = PBXBuildFile; fileRef = E9D78D9D24668406008C9AC2 /* ViewController.swift */; };
		E9D78DA124668406008C9AC2 /* Main.storyboard in Resources */ = {isa = PBXBuildFile; fileRef = E9D78D9F24668406008C9AC2 /* Main.storyboard */; };
		E9D78DA62466840C008C9AC2 /* LaunchScreen.storyboard in Resources */ = {isa = PBXBuildFile; fileRef = E9D78DA42466840C008C9AC2 /* LaunchScreen.storyboard */; };
		E9D78DB12466840C008C9AC2 /* CountTests.swift in Sources */ = {isa = PBXBuildFile; fileRef = E9D78DB02466840C008C9AC2 /* CountTests.swift */; };
		E9D78DBC2466840C008C9AC2 /* CountUITests.swift in Sources */ = {isa = PBXBuildFile; fileRef = E9D78DBB2466840C008C9AC2 /* CountUITests.swift */; };
/* End PBXBuildFile section */

/* Begin PBXContainerItemProxy section */
		E9D78DAD2466840C008C9AC2 /* PBXContainerItemProxy */ = {
			isa = PBXContainerItemProxy;
			containerPortal = E9D78D8E24668406008C9AC2 /* Project object */;
			proxyType = 1;
			remoteGlobalIDString = E9D78D9524668406008C9AC2;
			remoteInfo = Count;
		};
		E9D78DB82466840C008C9AC2 /* PBXContainerItemProxy */ = {
			isa = PBXContainerItemProxy;
			containerPortal = E9D78D8E24668406008C9AC2 /* Project object */;
			proxyType = 1;
			remoteGlobalIDString = E9D78D9524668406008C9AC2;
			remoteInfo = Count;
		};
/* End PBXContainerItemProxy section */

/* Begin PBXFileReference section */
		E9879DBB246BC80600DB4941 /* IMG_8501.JPG */ = {isa = PBXFileReference; lastKnownFileType = image.jpeg; path = IMG_8501.JPG; sourceTree = "<group>"; };
		E9D78D9624668406008C9AC2 /* Count.app */ = {isa = PBXFileReference; explicitFileType = wrapper.application; includeInIndex = 0; path = Count.app; sourceTree = BUILT_PRODUCTS_DIR; };
		E9D78D9924668406008C9AC2 /* AppDelegate.swift */ = {isa = PBXFileReference; lastKnownFileType = sourcecode.swift; path = AppDelegate.swift; sourceTree = "<group>"; };
		E9D78D9B24668406008C9AC2 /* SceneDelegate.swift */ = {isa = PBXFileReference; lastKnownFileType = sourcecode.swift; path = SceneDelegate.swift; sourceTree = "<group>"; };
		E9D78D9D24668406008C9AC2 /* ViewController.swift */ = {isa = PBXFileReference; lastKnownFileType = sourcecode.swift; path = ViewController.swift; sourceTree = "<group>"; };
		E9D78DA024668406008C9AC2 /* Base */ = {isa = PBXFileReference; lastKnownFileType = file.storyboard; name = Base; path = Base.lproj/Main.storyboard; sourceTree = "<group>"; };
		E9D78DA52466840C008C9AC2 /* Base */ = {isa = PBXFileReference; lastKnownFileType = file.storyboard; name = Base; path = Base.lproj/LaunchScreen.storyboard; sourceTree = "<group>"; };
		E9D78DA72466840C008C9AC2 /* Info.plist */ = {isa = PBXFileReference; lastKnownFileType = text.plist.xml; path = Info.plist; sourceTree = "<group>"; };
		E9D78DAC2466840C008C9AC2 /* CountTests.xctest */ = {isa = PBXFileReference; explicitFileType = wrapper.cfbundle; includeInIndex = 0; path = CountTests.xctest; sourceTree = BUILT_PRODUCTS_DIR; };
		E9D78DB02466840C008C9AC2 /* CountTests.swift */ = {isa = PBXFileReference; lastKnownFileType = sourcecode.swift; path = CountTests.swift; sourceTree = "<group>"; };
		E9D78DB22466840C008C9AC2 /* Info.plist */ = {isa = PBXFileReference; lastKnownFileType = text.plist.xml; path = Info.plist; sourceTree = "<group>"; };
		E9D78DB72466840C008C9AC2 /* CountUITests.xctest */ = {isa = PBXFileReference; explicitFileType = wrapper.cfbundle; includeInIndex = 0; path = CountUITests.xctest; sourceTree = BUILT_PRODUCTS_DIR; };
		E9D78DBB2466840C008C9AC2 /* CountUITests.swift */ = {isa = PBXFileReference; lastKnownFileType = sourcecode.swift; path = CountUITests.swift; sourceTree = "<group>"; };
		E9D78DBD2466840C008C9AC2 /* Info.plist */ = {isa = PBXFileReference; lastKnownFileType = text.plist.xml; path = Info.plist; sourceTree = "<group>"; };
/* End PBXFileReference section */

/* Begin PBXFrameworksBuildPhase section */
		E9D78D9324668406008C9AC2 /* Frameworks */ = {
			isa = PBXFrameworksBuildPhase;
			buildActionMask = 2147483647;
			files = (
			);
			runOnlyForDeploymentPostprocessing = 0;
		};
		E9D78DA92466840C008C9AC2 /* Frameworks */ = {
			isa = PBXFrameworksBuildPhase;
			buildActionMask = 2147483647;
			files = (
			);
			runOnlyForDeploymentPostprocessing = 0;
		};
		E9D78DB42466840C008C9AC2 /* Frameworks */ = {
			isa = PBXFrameworksBuildPhase;
			buildActionMask = 2147483647;
			files = (
			);
			runOnlyForDeploymentPostprocessing = 0;
		};
/* End PBXFrameworksBuildPhase section */

/* Begin PBXGroup section */
		E9D78D8D24668406008C9AC2 = {
			isa = PBXGroup;
			children = (
				E9D78D9824668406008C9AC2 /* Count */,
				E9D78DAF2466840C008C9AC2 /* CountTests */,
				E9D78DBA2466840C008C9AC2 /* CountUITests */,
				E9D78D9724668406008C9AC2 /* Products */,
			);
			sourceTree = "<group>";
		};
		E9D78D9724668406008C9AC2 /* Products */ = {
			isa = PBXGroup;
			children = (
				E9D78D9624668406008C9AC2 /* Count.app */,
				E9D78DAC2466840C008C9AC2 /* CountTests.xctest */,
				E9D78DB72466840C008C9AC2 /* CountUITests.xctest */,
			);
			name = Products;
			sourceTree = "<group>";
		};
		E9D78D9824668406008C9AC2 /* Count */ = {
			isa = PBXGroup;
			children = (
				E9879DBB246BC80600DB4941 /* IMG_8501.JPG */,
				E9D78D9924668406008C9AC2 /* AppDelegate.swift */,
				E9D78D9B24668406008C9AC2 /* SceneDelegate.swift */,
				E9D78D9D24668406008C9AC2 /* ViewController.swift */,
				E9D78D9F24668406008C9AC2 /* Main.storyboard */,
				E9D78DA42466840C008C9AC2 /* LaunchScreen.storyboard */,
				E9D78DA72466840C008C9AC2 /* Info.plist */,
			);
			path = Count;
			sourceTree = "<group>";
		};
		E9D78DAF2466840C008C9AC2 /* CountTests */ = {
			isa = PBXGroup;
			children = (
				E9D78DB02466840C008C9AC2 /* CountTests.swift */,
				E9D78DB22466840C008C9AC2 /* Info.plist */,
			);
			path = CountTests;
			sourceTree = "<group>";
		};
		E9D78DBA2466840C008C9AC2 /* CountUITests */ = {
			isa = PBXGroup;
			children = (
				E9D78DBB2466840C008C9AC2 /* CountUITests.swift */,
				E9D78DBD2466840C008C9AC2 /* Info.plist */,
			);
			path = CountUITests;
			sourceTree = "<group>";
		};
/* End PBXGroup section */

/* Begin PBXNativeTarget section */
		E9D78D9524668406008C9AC2 /* Count */ = {
			isa = PBXNativeTarget;
			buildConfigurationList = E9D78DC02466840C008C9AC2 /* Build configuration list for PBXNativeTarget "Count" */;
			buildPhases = (
				E9D78D9224668406008C9AC2 /* Sources */,
				E9D78D9324668406008C9AC2 /* Frameworks */,
				E9D78D9424668406008C9AC2 /* Resources */,
			);
			buildRules = (
			);
			dependencies = (
			);
			name = Count;
			productName = Count;
			productReference = E9D78D9624668406008C9AC2 /* Count.app */;
			productType = "com.apple.product-type.application";
		};
		E9D78DAB2466840C008C9AC2 /* CountTests */ = {
			isa = PBXNativeTarget;
			buildConfigurationList = E9D78DC32466840C008C9AC2 /* Build configuration list for PBXNativeTarget "CountTests" */;
			buildPhases = (
				E9D78DA82466840C008C9AC2 /* Sources */,
				E9D78DA92466840C008C9AC2 /* Frameworks */,
				E9D78DAA2466840C008C9AC2 /* Resources */,
			);
			buildRules = (
			);
			dependencies = (
				E9D78DAE2466840C008C9AC2 /* PBXTargetDependency */,
			);
			name = CountTests;
			productName = CountTests;
			productReference = E9D78DAC2466840C008C9AC2 /* CountTests.xctest */;
			productType = "com.apple.product-type.bundle.unit-test";
		};
		E9D78DB62466840C008C9AC2 /* CountUITests */ = {
			isa = PBXNativeTarget;
			buildConfigurationList = E9D78DC62466840C008C9AC2 /* Build configuration list for PBXNativeTarget "CountUITests" */;
			buildPhases = (
				E9D78DB32466840C008C9AC2 /* Sources */,
				E9D78DB42466840C008C9AC2 /* Frameworks */,
				E9D78DB52466840C008C9AC2 /* Resources */,
			);
			buildRules = (
			);
			dependencies = (
				E9D78DB92466840C008C9AC2 /* PBXTargetDependency */,
			);
			name = CountUITests;
			productName = CountUITests;
			productReference = E9D78DB72466840C008C9AC2 /* CountUITests.xctest */;
			productType = "com.apple.product-type.bundle.ui-testing";
		};
/* End PBXNativeTarget section */

/* Begin PBXProject section */
		E9D78D8E24668406008C9AC2 /* Project object */ = {
			isa = PBXProject;
			attributes = {
				LastSwiftUpdateCheck = 1140;
				LastUpgradeCheck = 1140;
				ORGANIZATIONNAME = "Shu Fujita";
				TargetAttributes = {
					E9D78D9524668406008C9AC2 = {
						CreatedOnToolsVersion = 11.4.1;
					};
					E9D78DAB2466840C008C9AC2 = {
						CreatedOnToolsVersion = 11.4.1;
						TestTargetID = E9D78D9524668406008C9AC2;
					};
					E9D78DB62466840C008C9AC2 = {
						CreatedOnToolsVersion = 11.4.1;
						TestTargetID = E9D78D9524668406008C9AC2;
					};
				};
			};
			buildConfigurationList = E9D78D9124668406008C9AC2 /* Build configuration list for PBXProject "Count" */;
			compatibilityVersion = "Xcode 9.3";
			developmentRegion = en;
			hasScannedForEncodings = 0;
			knownRegions = (
				en,
				Base,
			);
			mainGroup = E9D78D8D24668406008C9AC2;
			productRefGroup = E9D78D9724668406008C9AC2 /* Products */;
			projectDirPath = "";
			projectRoot = "";
			targets = (
				E9D78D9524668406008C9AC2 /* Count */,
				E9D78DAB2466840C008C9AC2 /* CountTests */,
				E9D78DB62466840C008C9AC2 /* CountUITests */,
			);
		};
/* End PBXProject section */

/* Begin PBXResourcesBuildPhase section */
		E9D78D9424668406008C9AC2 /* Resources */ = {
			isa = PBXResourcesBuildPhase;
			buildActionMask = 2147483647;
			files = (
				E9D78DA62466840C008C9AC2 /* LaunchScreen.storyboard in Resources */,
				E9879DBC246BC80600DB4941 /* IMG_8501.JPG in Resources */,
				E9D78DA124668406008C9AC2 /* Main.storyboard in Resources */,
			);
			runOnlyForDeploymentPostprocessing = 0;
		};
		E9D78DAA2466840C008C9AC2 /* Resources */ = {
			isa = PBXResourcesBuildPhase;
			buildActionMask = 2147483647;
			files = (
			);
			runOnlyForDeploymentPostprocessing = 0;
		};
		E9D78DB52466840C008C9AC2 /* Resources */ = {
			isa = PBXResourcesBuildPhase;
			buildActionMask = 2147483647;
			files = (
			);
			runOnlyForDeploymentPostprocessing = 0;
		};
/* End PBXResourcesBuildPhase section */

/* Begin PBXSourcesBuildPhase section */
		E9D78D9224668406008C9AC2 /* Sources */ = {
			isa = PBXSourcesBuildPhase;
			buildActionMask = 2147483647;
			files = (
				E9D78D9E24668406008C9AC2 /* ViewController.swift in Sources */,
				E9D78D9A24668406008C9AC2 /* AppDelegate.swift in Sources */,
				E9D78D9C24668406008C9AC2 /* SceneDelegate.swift in Sources */,
			);
			runOnlyForDeploymentPostprocessing = 0;
		};
		E9D78DA82466840C008C9AC2 /* Sources */ = {
			isa = PBXSourcesBuildPhase;
			buildActionMask = 2147483647;
			files = (
				E9D78DB12466840C008C9AC2 /* CountTests.swift in Sources */,
			);
			runOnlyForDeploymentPostprocessing = 0;
		};
		E9D78DB32466840C008C9AC2 /* Sources */ = {
			isa = PBXSourcesBuildPhase;
			buildActionMask = 2147483647;
			files = (
				E9D78DBC2466840C008C9AC2 /* CountUITests.swift in Sources */,
			);
			runOnlyForDeploymentPostprocessing = 0;
		};
/* End PBXSourcesBuildPhase section */

/* Begin PBXTargetDependency section */
		E9D78DAE2466840C008C9AC2 /* PBXTargetDependency */ = {
			isa = PBXTargetDependency;
			target = E9D78D9524668406008C9AC2 /* Count */;
			targetProxy = E9D78DAD2466840C008C9AC2 /* PBXContainerItemProxy */;
		};
		E9D78DB92466840C008C9AC2 /* PBXTargetDependency */ = {
			isa = PBXTargetDependency;
			target = E9D78D9524668406008C9AC2 /* Count */;
			targetProxy = E9D78DB82466840C008C9AC2 /* PBXContainerItemProxy */;
		};
/* End PBXTargetDependency section */

/* Begin PBXVariantGroup section */
		E9D78D9F24668406008C9AC2 /* Main.storyboard */ = {
			isa = PBXVariantGroup;
			children = (
				E9D78DA024668406008C9AC2 /* Base */,
			);
			name = Main.storyboard;
			sourceTree = "<group>";
		};
		E9D78DA42466840C008C9AC2 /* LaunchScreen.storyboard */ = {
			isa = PBXVariantGroup;
			children = (
				E9D78DA52466840C008C9AC2 /* Base */,
			);
			name = LaunchScreen.storyboard;
			sourceTree = "<group>";
		};
/* End PBXVariantGroup section */

/* Begin XCBuildConfiguration section */
		E9D78DBE2466840C008C9AC2 /* Debug */ = {
			isa = XCBuildConfiguration;
			buildSettings = {
				ALWAYS_SEARCH_USER_PATHS = NO;
				CLANG_ANALYZER_NONNULL = YES;
				CLANG_ANALYZER_NUMBER_OBJECT_CONVERSION = YES_AGGRESSIVE;
				CLANG_CXX_LANGUAGE_STANDARD = "gnu++14";
				CLANG_CXX_LIBRARY = "libc++";
				CLANG_ENABLE_MODULES = YES;
				CLANG_ENABLE_OBJC_ARC = YES;
				CLANG_ENABLE_OBJC_WEAK = YES;
				CLANG_WARN_BLOCK_CAPTURE_AUTORELEASING = YES;
				CLANG_WARN_BOOL_CONVERSION = YES;
				CLANG_WARN_COMMA = YES;
				CLANG_WARN_CONSTANT_CONVERSION = YES;
				CLANG_WARN_DEPRECATED_OBJC_IMPLEMENTATIONS = YES;
				CLANG_WARN_DIRECT_OBJC_ISA_USAGE = YES_ERROR;
				CLANG_WARN_DOCUMENTATION_COMMENTS = YES;
				CLANG_WARN_EMPTY_BODY = YES;
				CLANG_WARN_ENUM_CONVERSION = YES;
				CLANG_WARN_INFINITE_RECURSION = YES;
				CLANG_WARN_INT_CONVERSION = YES;
				CLANG_WARN_NON_LITERAL_NULL_CONVERSION = YES;
				CLANG_WARN_OBJC_IMPLICIT_RETAIN_SELF = YES;
				CLANG_WARN_OBJC_LITERAL_CONVERSION = YES;
				CLANG_WARN_OBJC_ROOT_CLASS = YES_ERROR;
				CLANG_WARN_RANGE_LOOP_ANALYSIS = YES;
				CLANG_WARN_STRICT_PROTOTYPES = YES;
				CLANG_WARN_SUSPICIOUS_MOVE = YES;
				CLANG_WARN_UNGUARDED_AVAILABILITY = YES_AGGRESSIVE;
				CLANG_WARN_UNREACHABLE_CODE = YES;
				CLANG_WARN__DUPLICATE_METHOD_MATCH = YES;
				COPY_PHASE_STRIP = NO;
				DEBUG_INFORMATION_FORMAT = dwarf;
				ENABLE_STRICT_OBJC_MSGSEND = YES;
				ENABLE_TESTABILITY = YES;
				GCC_C_LANGUAGE_STANDARD = gnu11;
				GCC_DYNAMIC_NO_PIC = NO;
				GCC_NO_COMMON_BLOCKS = YES;
				GCC_OPTIMIZATION_LEVEL = 0;
				GCC_PREPROCESSOR_DEFINITIONS = (
					"DEBUG=1",
					"$(inherited)",
				);
				GCC_WARN_64_TO_32_BIT_CONVERSION = YES;
				GCC_WARN_ABOUT_RETURN_TYPE = YES_ERROR;
				GCC_WARN_UNDECLARED_SELECTOR = YES;
				GCC_WARN_UNINITIALIZED_AUTOS = YES_AGGRESSIVE;
				GCC_WARN_UNUSED_FUNCTION = YES;
				GCC_WARN_UNUSED_VARIABLE = YES;
				IPHONEOS_DEPLOYMENT_TARGET = 13.4;
				MTL_ENABLE_DEBUG_INFO = INCLUDE_SOURCE;
				MTL_FAST_MATH = YES;
				ONLY_ACTIVE_ARCH = YES;
				SDKROOT = iphoneos;
				SWIFT_ACTIVE_COMPILATION_CONDITIONS = DEBUG;
				SWIFT_OPTIMIZATION_LEVEL = "-Onone";
			};
			name = Debug;
		};
		E9D78DBF2466840C008C9AC2 /* Release */ = {
			isa = XCBuildConfiguration;
			buildSettings = {
				ALWAYS_SEARCH_USER_PATHS = NO;
				CLANG_ANALYZER_NONNULL = YES;
				CLANG_ANALYZER_NUMBER_OBJECT_CONVERSION = YES_AGGRESSIVE;
				CLANG_CXX_LANGUAGE_STANDARD = "gnu++14";
				CLANG_CXX_LIBRARY = "libc++";
				CLANG_ENABLE_MODULES = YES;
				CLANG_ENABLE_OBJC_ARC = YES;
				CLANG_ENABLE_OBJC_WEAK = YES;
				CLANG_WARN_BLOCK_CAPTURE_AUTORELEASING = YES;
				CLANG_WARN_BOOL_CONVERSION = YES;
				CLANG_WARN_COMMA = YES;
				CLANG_WARN_CONSTANT_CONVERSION = YES;
				CLANG_WARN_DEPRECATED_OBJC_IMPLEMENTATIONS = YES;
				CLANG_WARN_DIRECT_OBJC_ISA_USAGE = YES_ERROR;
				CLANG_WARN_DOCUMENTATION_COMMENTS = YES;
				CLANG_WARN_EMPTY_BODY = YES;
				CLANG_WARN_ENUM_CONVERSION = YES;
				CLANG_WARN_INFINITE_RECURSION = YES;
				CLANG_WARN_INT_CONVERSION = YES;
				CLANG_WARN_NON_LITERAL_NULL_CONVERSION = YES;
				CLANG_WARN_OBJC_IMPLICIT_RETAIN_SELF = YES;
				CLANG_WARN_OBJC_LITERAL_CONVERSION = YES;
				CLANG_WARN_OBJC_ROOT_CLASS = YES_ERROR;
				CLANG_WARN_RANGE_LOOP_ANALYSIS = YES;
				CLANG_WARN_STRICT_PROTOTYPES = YES;
				CLANG_WARN_SUSPICIOUS_MOVE = YES;
				CLANG_WARN_UNGUARDED_AVAILABILITY = YES_AGGRESSIVE;
				CLANG_WARN_UNREACHABLE_CODE = YES;
				CLANG_WARN__DUPLICATE_METHOD_MATCH = YES;
				COPY_PHASE_STRIP = NO;
				DEBUG_INFORMATION_FORMAT = "dwarf-with-dsym";
				ENABLE_NS_ASSERTIONS = NO;
				ENABLE_STRICT_OBJC_MSGSEND = YES;
				GCC_C_LANGUAGE_STANDARD = gnu11;
				GCC_NO_COMMON_BLOCKS = YES;
				GCC_WARN_64_TO_32_BIT_CONVERSION = YES;
				GCC_WARN_ABOUT_RETURN_TYPE = YES_ERROR;
				GCC_WARN_UNDECLARED_SELECTOR = YES;
				GCC_WARN_UNINITIALIZED_AUTOS = YES_AGGRESSIVE;
				GCC_WARN_UNUSED_FUNCTION = YES;
				GCC_WARN_UNUSED_VARIABLE = YES;
				IPHONEOS_DEPLOYMENT_TARGET = 13.4;
				MTL_ENABLE_DEBUG_INFO = NO;
				MTL_FAST_MATH = YES;
				SDKROOT = iphoneos;
				SWIFT_COMPILATION_MODE = wholemodule;
				SWIFT_OPTIMIZATION_LEVEL = "-O";
				VALIDATE_PRODUCT = YES;
			};
			name = Release;
		};
		E9D78DC12466840C008C9AC2 /* Debug */ = {
			isa = XCBuildConfiguration;
			buildSettings = {
				ASSETCATALOG_COMPILER_APPICON_NAME = AppIcon;
				CODE_SIGN_STYLE = Automatic;
				INFOPLIST_FILE = Count/Info.plist;
				LD_RUNPATH_SEARCH_PATHS = (
					"$(inherited)",
					"@executable_path/Frameworks",
				);
				PRODUCT_BUNDLE_IDENTIFIER = app.shu.fujita.Count;
				PRODUCT_NAME = "$(TARGET_NAME)";
				SWIFT_VERSION = 5.0;
				TARGETED_DEVICE_FAMILY = "1,2";
			};
			name = Debug;
		};
		E9D78DC22466840C008C9AC2 /* Release */ = {
			isa = XCBuildConfiguration;
			buildSettings = {
				ASSETCATALOG_COMPILER_APPICON_NAME = AppIcon;
				CODE_SIGN_STYLE = Automatic;
				INFOPLIST_FILE = Count/Info.plist;
				LD_RUNPATH_SEARCH_PATHS = (
					"$(inherited)",
					"@executable_path/Frameworks",
				);
				PRODUCT_BUNDLE_IDENTIFIER = app.shu.fujita.Count;
				PRODUCT_NAME = "$(TARGET_NAME)";
				SWIFT_VERSION = 5.0;
				TARGETED_DEVICE_FAMILY = "1,2";
			};
			name = Release;
		};
		E9D78DC42466840C008C9AC2 /* Debug */ = {
			isa = XCBuildConfiguration;
			buildSettings = {
				ALWAYS_EMBED_SWIFT_STANDARD_LIBRARIES = YES;
				BUNDLE_LOADER = "$(TEST_HOST)";
				CODE_SIGN_STYLE = Automatic;
				INFOPLIST_FILE = CountTests/Info.plist;
				IPHONEOS_DEPLOYMENT_TARGET = 13.4;
				LD_RUNPATH_SEARCH_PATHS = (
					"$(inherited)",
					"@executable_path/Frameworks",
					"@loader_path/Frameworks",
				);
				PRODUCT_BUNDLE_IDENTIFIER = app.shu.fujita.CountTests;
				PRODUCT_NAME = "$(TARGET_NAME)";
				SWIFT_VERSION = 5.0;
				TARGETED_DEVICE_FAMILY = "1,2";
				TEST_HOST = "$(BUILT_PRODUCTS_DIR)/Count.app/Count";
			};
			name = Debug;
		};
		E9D78DC52466840C008C9AC2 /* Release */ = {
			isa = XCBuildConfiguration;
			buildSettings = {
				ALWAYS_EMBED_SWIFT_STANDARD_LIBRARIES = YES;
				BUNDLE_LOADER = "$(TEST_HOST)";
				CODE_SIGN_STYLE = Automatic;
				INFOPLIST_FILE = CountTests/Info.plist;
				IPHONEOS_DEPLOYMENT_TARGET = 13.4;
				LD_RUNPATH_SEARCH_PATHS = (
					"$(inherited)",
					"@executable_path/Frameworks",
					"@loader_path/Frameworks",
				);
				PRODUCT_BUNDLE_IDENTIFIER = app.shu.fujita.CountTests;
				PRODUCT_NAME = "$(TARGET_NAME)";
				SWIFT_VERSION = 5.0;
				TARGETED_DEVICE_FAMILY = "1,2";
				TEST_HOST = "$(BUILT_PRODUCTS_DIR)/Count.app/Count";
			};
			name = Release;
		};
		E9D78DC72466840C008C9AC2 /* Debug */ = {
			isa = XCBuildConfiguration;
			buildSettings = {
				ALWAYS_EMBED_SWIFT_STANDARD_LIBRARIES = YES;
				CODE_SIGN_STYLE = Automatic;
				INFOPLIST_FILE = CountUITests/Info.plist;
				LD_RUNPATH_SEARCH_PATHS = (
					"$(inherited)",
					"@executable_path/Frameworks",
					"@loader_path/Frameworks",
				);
				PRODUCT_BUNDLE_IDENTIFIER = app.shu.fujita.CountUITests;
				PRODUCT_NAME = "$(TARGET_NAME)";
				SWIFT_VERSION = 5.0;
				TARGETED_DEVICE_FAMILY = "1,2";
				TEST_TARGET_NAME = Count;
			};
			name = Debug;
		};
		E9D78DC82466840C008C9AC2 /* Release */ = {
			isa = XCBuildConfiguration;
			buildSettings = {
				ALWAYS_EMBED_SWIFT_STANDARD_LIBRARIES = YES;
				CODE_SIGN_STYLE = Automatic;
				INFOPLIST_FILE = CountUITests/Info.plist;
				LD_RUNPATH_SEARCH_PATHS = (
					"$(inherited)",
					"@executable_path/Frameworks",
					"@loader_path/Frameworks",
				);
				PRODUCT_BUNDLE_IDENTIFIER = app.shu.fujita.CountUITests;
				PRODUCT_NAME = "$(TARGET_NAME)";
				SWIFT_VERSION = 5.0;
				TARGETED_DEVICE_FAMILY = "1,2";
				TEST_TARGET_NAME = Count;
			};
			name = Release;
		};
/* End XCBuildConfiguration section */

/* Begin XCConfigurationList section */
		E9D78D9124668406008C9AC2 /* Build configuration list for PBXProject "Count" */ = {
			isa = XCConfigurationList;
			buildConfigurations = (
				E9D78DBE2466840C008C9AC2 /* Debug */,
				E9D78DBF2466840C008C9AC2 /* Release */,
			);
			defaultConfigurationIsVisible = 0;
			defaultConfigurationName = Release;
		};
		E9D78DC02466840C008C9AC2 /* Build configuration list for PBXNativeTarget "Count" */ = {
			isa = XCConfigurationList;
			buildConfigurations = (
				E9D78DC12466840C008C9AC2 /* Debug */,
				E9D78DC22466840C008C9AC2 /* Release */,
			);
			defaultConfigurationIsVisible = 0;
			defaultConfigurationName = Release;
		};
		E9D78DC32466840C008C9AC2 /* Build configuration list for PBXNativeTarget "CountTests" */ = {
			isa = XCConfigurationList;
			buildConfigurations = (
				E9D78DC42466840C008C9AC2 /* Debug */,
				E9D78DC52466840C008C9AC2 /* Release */,
			);
			defaultConfigurationIsVisible = 0;
			defaultConfigurationName = Release;
		};
		E9D78DC62466840C008C9AC2 /* Build configuration list for PBXNativeTarget "CountUITests" */ = {
			isa = XCConfigurationList;
			buildConfigurations = (
				E9D78DC72466840C008C9AC2 /* Debug */,
				E9D78DC82466840C008C9AC2 /* Release */,
			);
			defaultConfigurationIsVisible = 0;
			defaultConfigurationName = Release;
		};
/* End XCConfigurationList section */
	};
	rootObject = E9D78D8E24668406008C9AC2 /* Project object */;
}
